
Microsoft Visual Studio Solution File, Format Version 12.00
# Visual Studio Version 16
VisualStudioVersion = 16.0.31727.386
MinimumVisualStudioVersion = 10.0.40219.1
Project("{FAE04EC0-301F-11D3-BF4B-00C04F79EFBC}") = "10and10", "10and10.csproj", "{13BF4514-CE0C-46D7-9C18-E3305C2008B8}"
EndProject
Global
	GlobalSection(SolutionConfigurationPlatforms) = preSolution
		Debug|Any CPU = Debug|Any CPU
		Release|Any CPU = Release|Any CPU
	EndGlobalSection
	GlobalSection(ProjectConfigurationPlatforms) = postSolution
		{13BF4514-CE0C-46D7-9C18-E3305C2008B8}.Debug|Any CPU.ActiveCfg = Debug|Any CPU
		{13BF4514-CE0C-46D7-9C18-E3305C2008B8}.Debug|Any CPU.Build.0 = Debug|Any CPU
		{13BF4514-CE0C-46D7-9C18-E3305C2008B8}.Release|Any CPU.ActiveCfg = Release|Any CPU
		{13BF4514-CE0C-46D7-9C18-E3305C2008B8}.Release|Any CPU.Build.0 = Release|Any CPU
	EndGlobalSection
	GlobalSection(SolutionProperties) = preSolution
		HideSolutionNode = FALSE
	EndGlobalSection
	GlobalSection(ExtensibilityGlobals) = postSolution
		SolutionGuid = {0E835255-F660-4772-9A10-20A6E0135A11}
	EndGlobalSection
EndGlobal
