
Microsoft Visual Studio Solution File, Format Version 12.00
# Visual Studio Version 16
VisualStudioVersion = 16.0.31727.386
MinimumVisualStudioVersion = 10.0.40219.1
Project("{FAE04EC0-301F-11D3-BF4B-00C04F79EFBC}") = "Computers", "Computers\Computers.csproj", "{E7627D4B-7A49-42D2-AD45-DAB8F7795EF1}"
EndProject
Global
	GlobalSection(SolutionConfigurationPlatforms) = preSolution
		Debug|Any CPU = Debug|Any CPU
		Release|Any CPU = Release|Any CPU
	EndGlobalSection
	GlobalSection(ProjectConfigurationPlatforms) = postSolution
		{E7627D4B-7A49-42D2-AD45-DAB8F7795EF1}.Debug|Any CPU.ActiveCfg = Debug|Any CPU
		{E7627D4B-7A49-42D2-AD45-DAB8F7795EF1}.Debug|Any CPU.Build.0 = Debug|Any CPU
		{E7627D4B-7A49-42D2-AD45-DAB8F7795EF1}.Release|Any CPU.ActiveCfg = Release|Any CPU
		{E7627D4B-7A49-42D2-AD45-DAB8F7795EF1}.Release|Any CPU.Build.0 = Release|Any CPU
	EndGlobalSection
	GlobalSection(SolutionProperties) = preSolution
		HideSolutionNode = FALSE
	EndGlobalSection
	GlobalSection(ExtensibilityGlobals) = postSolution
		SolutionGuid = {77155EC9-4680-4FE5-87E4-7B49BC7BB331}
	EndGlobalSection
EndGlobal
