
Microsoft Visual Studio Solution File, Format Version 12.00
# Visual Studio Version 16
VisualStudioVersion = 16.0.31727.386
MinimumVisualStudioVersion = 10.0.40219.1
Project("{FAE04EC0-301F-11D3-BF4B-00C04F79EFBC}") = "Duplicates", "Duplicates\Duplicates.csproj", "{0904C1DD-95BC-42AF-840F-87BE67A12A7B}"
EndProject
Global
	GlobalSection(SolutionConfigurationPlatforms) = preSolution
		Debug|Any CPU = Debug|Any CPU
		Release|Any CPU = Release|Any CPU
	EndGlobalSection
	GlobalSection(ProjectConfigurationPlatforms) = postSolution
		{0904C1DD-95BC-42AF-840F-87BE67A12A7B}.Debug|Any CPU.ActiveCfg = Debug|Any CPU
		{0904C1DD-95BC-42AF-840F-87BE67A12A7B}.Debug|Any CPU.Build.0 = Debug|Any CPU
		{0904C1DD-95BC-42AF-840F-87BE67A12A7B}.Release|Any CPU.ActiveCfg = Release|Any CPU
		{0904C1DD-95BC-42AF-840F-87BE67A12A7B}.Release|Any CPU.Build.0 = Release|Any CPU
	EndGlobalSection
	GlobalSection(SolutionProperties) = preSolution
		HideSolutionNode = FALSE
	EndGlobalSection
	GlobalSection(ExtensibilityGlobals) = postSolution
		SolutionGuid = {AA3438F9-28F6-48D4-961C-EB82DECD916F}
	EndGlobalSection
EndGlobal
