
Microsoft Visual Studio Solution File, Format Version 12.00
# Visual Studio Version 16
VisualStudioVersion = 16.0.31613.86
MinimumVisualStudioVersion = 10.0.40219.1
Project("{FAE04EC0-301F-11D3-BF4B-00C04F79EFBC}") = "Names", "Names\Names.csproj", "{ADDE4B36-6C19-453B-88F4-9DCB15E561BE}"
EndProject
Global
	GlobalSection(SolutionConfigurationPlatforms) = preSolution
		Debug|Any CPU = Debug|Any CPU
		Release|Any CPU = Release|Any CPU
	EndGlobalSection
	GlobalSection(ProjectConfigurationPlatforms) = postSolution
		{ADDE4B36-6C19-453B-88F4-9DCB15E561BE}.Debug|Any CPU.ActiveCfg = Debug|Any CPU
		{ADDE4B36-6C19-453B-88F4-9DCB15E561BE}.Debug|Any CPU.Build.0 = Debug|Any CPU
		{ADDE4B36-6C19-453B-88F4-9DCB15E561BE}.Release|Any CPU.ActiveCfg = Release|Any CPU
		{ADDE4B36-6C19-453B-88F4-9DCB15E561BE}.Release|Any CPU.Build.0 = Release|Any CPU
	EndGlobalSection
	GlobalSection(SolutionProperties) = preSolution
		HideSolutionNode = FALSE
	EndGlobalSection
	GlobalSection(ExtensibilityGlobals) = postSolution
		SolutionGuid = {0A7163CF-AA46-4889-8FD2-4816EE261EF8}
	EndGlobalSection
EndGlobal
